{
  "name": "syna-v0.4-reference-workspace",
  "version": "0.4.0",
  "lockfileVersion": 3,
  "requires": true,
  "packages": {
    "": {
      "name": "syna-v0.4-reference-workspace",
      "version": "0.4.0",
      "workspaces": [
        "packages/*",
        "apps/*"
      ],
      "devDependencies": {
        "@types/node": "^22.19.7",
        "typescript": "^5.8.3"
      },
      "engines": {
        "node": ">=22"
      }
    },
    "apps/features-demo": {
      "name": "@syna-demo/features-app",
      "version": "1.0.0",
      "dependencies": {
        "@syna/core": "0.4.0"
      },
      "devDependencies": {
        "@syna/tsconfig": "0.4.0"
      },
      "engines": {
        "node": ">=22"
      }
    },
    "apps/fluida-demo": {
      "name": "@syna-demo/fluida-app",
      "version": "1.0.0",
      "dependencies": {
        "@syna-demo/fluida": "1.0.0",
        "@syna-demo/logger": "1.1.0",
        "@syna-demo/postgres": "3.2.1",
        "@syna/core": "0.4.0"
      },
      "devDependencies": {
        "@syna/tsconfig": "0.4.0"
      },
      "engines": {
        "node": ">=22"
      }
    },
    "apps/hyla-demo": {
      "name": "@syna-demo/hyla-app",
      "version": "1.0.0",
      "dependencies": {
        "@syna-demo/claude": "3.1.0",
        "@syna-demo/hyla": "1.0.0",
        "@syna-demo/llm-contract": "1.0.0",
        "@syna-demo/logger": "1.1.0",
        "@syna-demo/openai-v1": "1.8.4",
        "@syna-demo/openai-v2": "2.4.2",
        "@syna-demo/postgres": "3.2.1",
        "@syna/core": "0.4.0"
      },
      "devDependencies": {
        "@syna/tsconfig": "0.4.0"
      },
      "engines": {
        "node": ">=22"
      }
    },
    "apps/minimal-demo": {
      "name": "@syna-demo/minimal-app",
      "version": "1.0.0",
      "dependencies": {
        "@syna/core": "0.4.0"
      },
      "devDependencies": {
        "@syna/tsconfig": "0.4.0"
      },
      "engines": {
        "node": ">=22"
      }
    },
    "node_modules/@syna-demo/claude": {
      "resolved": "packages/claude",
      "link": true
    },
    "node_modules/@syna-demo/features-app": {
      "resolved": "apps/features-demo",
      "link": true
    },
    "node_modules/@syna-demo/fluida": {
      "resolved": "packages/fluida",
      "link": true
    },
    "node_modules/@syna-demo/fluida-app": {
      "resolved": "apps/fluida-demo",
      "link": true
    },
    "node_modules/@syna-demo/hyla": {
      "resolved": "packages/hyla",
      "link": true
    },
    "node_modules/@syna-demo/hyla-app": {
      "resolved": "apps/hyla-demo",
      "link": true
    },
    "node_modules/@syna-demo/llm-contract": {
      "resolved": "packages/llm-contract",
      "link": true
    },
    "node_modules/@syna-demo/logger": {
      "resolved": "packages/logger",
      "link": true
    },
    "node_modules/@syna-demo/minimal-app": {
      "resolved": "apps/minimal-demo",
      "link": true
    },
    "node_modules/@syna-demo/openai-v1": {
      "resolved": "packages/openai-v1",
      "link": true
    },
    "node_modules/@syna-demo/openai-v2": {
      "resolved": "packages/openai-v2",
      "link": true
    },
    "node_modules/@syna-demo/postgres": {
      "resolved": "packages/postgres",
      "link": true
    },
    "node_modules/@syna/core": {
      "resolved": "packages/core",
      "link": true
    },
    "node_modules/@syna/tsconfig": {
      "resolved": "packages/tsconfig",
      "link": true
    },
    "node_modules/@types/node": {
      "version": "22.20.1",
      "resolved": "https://registry.npmjs.org/@types/node/-/node-22.20.1.tgz",
      "integrity": "sha512-EANqOCF9QFyra+4pfxUcX9STKJpCLjMbObVzljIJomAWSnuSIEAvyzEU53GaajbXJEgdh0iEcPL+DGvpUd4k1Q==",
      "dev": true,
      "license": "MIT",
      "dependencies": {
        "undici-types": "~6.21.0"
      }
    },
    "node_modules/typescript": {
      "version": "5.9.3",
      "resolved": "https://registry.npmjs.org/typescript/-/typescript-5.9.3.tgz",
      "integrity": "sha512-jl1vZzPDinLr9eUt3J/t7V6FgNEw9QjvBPdysz9KfQDD41fQrC2Y4vKQdiaUpFT4bXlb1RHhLpp8wtm6M5TgSw==",
      "dev": true,
      "license": "Apache-2.0",
      "bin": {
        "tsc": "bin/tsc",
        "tsserver": "bin/tsserver"
      },
      "engines": {
        "node": ">=14.17"
      }
    },
    "node_modules/undici-types": {
      "version": "6.21.0",
      "resolved": "https://registry.npmjs.org/undici-types/-/undici-types-6.21.0.tgz",
      "integrity": "sha512-iwDZqg0QAGrg9Rav5H4n0M64c3mkR59cJ6wQp+7C4nI0gsmExaedaYLNO44eT4AtBBwjbTiGPMlt2Md0T9H9JQ==",
      "dev": true,
      "license": "MIT"
    },
    "packages/claude": {
      "name": "@syna-demo/claude",
      "version": "3.1.0",
      "dependencies": {
        "@syna-demo/llm-contract": "1.0.0",
        "@syna-demo/logger": "1.1.0",
        "@syna/core": "0.4.0"
      },
      "devDependencies": {
        "@syna/tsconfig": "0.4.0"
      },
      "engines": {
        "node": ">=22"
      }
    },
    "packages/core": {
      "name": "@syna/core",
      "version": "0.4.0",
      "license": "MIT",
      "devDependencies": {
        "@syna/tsconfig": "0.4.0",
        "@types/node": "^22.19.7"
      },
      "engines": {
        "node": ">=22"
      }
    },
    "packages/fluida": {
      "name": "@syna-demo/fluida",
      "version": "1.0.0",
      "dependencies": {
        "@syna-demo/postgres": "3.2.1",
        "@syna/core": "0.4.0"
      },
      "devDependencies": {
        "@syna/tsconfig": "0.4.0"
      },
      "engines": {
        "node": ">=22"
      }
    },
    "packages/hyla": {
      "name": "@syna-demo/hyla",
      "version": "1.0.0",
      "dependencies": {
        "@syna-demo/llm-contract": "1.0.0",
        "@syna-demo/logger": "1.1.0",
        "@syna-demo/postgres": "3.2.1",
        "@syna/core": "0.4.0"
      },
      "devDependencies": {
        "@syna/tsconfig": "0.4.0"
      },
      "engines": {
        "node": ">=22"
      }
    },
    "packages/llm-contract": {
      "name": "@syna-demo/llm-contract",
      "version": "1.0.0",
      "dependencies": {
        "@syna/core": "0.4.0"
      },
      "devDependencies": {
        "@syna/tsconfig": "0.4.0"
      },
      "engines": {
        "node": ">=22"
      }
    },
    "packages/logger": {
      "name": "@syna-demo/logger",
      "version": "1.1.0",
      "dependencies": {
        "@syna/core": "0.4.0"
      },
      "devDependencies": {
        "@syna/tsconfig": "0.4.0"
      },
      "engines": {
        "node": ">=22"
      }
    },
    "packages/openai-v1": {
      "name": "@syna-demo/openai-v1",
      "version": "1.8.4",
      "dependencies": {
        "@syna-demo/llm-contract": "1.0.0",
        "@syna-demo/logger": "1.1.0",
        "@syna/core": "0.4.0"
      },
      "devDependencies": {
        "@syna/tsconfig": "0.4.0"
      },
      "engines": {
        "node": ">=22"
      }
    },
    "packages/openai-v2": {
      "name": "@syna-demo/openai-v2",
      "version": "2.4.2",
      "dependencies": {
        "@syna-demo/llm-contract": "1.0.0",
        "@syna-demo/logger": "1.1.0",
        "@syna/core": "0.4.0"
      },
      "devDependencies": {
        "@syna/tsconfig": "0.4.0"
      },
      "engines": {
        "node": ">=22"
      }
    },
    "packages/postgres": {
      "name": "@syna-demo/postgres",
      "version": "3.2.1",
      "dependencies": {
        "@syna-demo/logger": "1.1.0",
        "@syna/core": "0.4.0"
      },
      "devDependencies": {
        "@syna/tsconfig": "0.4.0"
      },
      "engines": {
        "node": ">=22"
      }
    },
    "packages/tsconfig": {
      "name": "@syna/tsconfig",
      "version": "0.4.0",
      "license": "MIT",
      "engines": {
        "node": ">=22"
      }
    }
  }
}
